
Microsoft Visual Studio Solution File, Format Version 12.00
# Visual Studio Version 16
VisualStudioVersion = 16.0.29409.12
MinimumVisualStudioVersion = 10.0.40219.1
Project("{FAE04EC0-301F-11D3-BF4B-00C04F79EFBC}") = "1", "1\1.csproj", "{DA39AA17-4A38-47DD-A214-D6B0F63AB538}"
EndProject
Global
	GlobalSection(SolutionConfigurationPlatforms) = preSolution
		Debug|Any CPU = Debug|Any CPU
		Release|Any CPU = Release|Any CPU
	EndGlobalSection
	GlobalSection(ProjectConfigurationPlatforms) = postSolution
		{DA39AA17-4A38-47DD-A214-D6B0F63AB538}.Debug|Any CPU.ActiveCfg = Debug|Any CPU
		{DA39AA17-4A38-47DD-A214-D6B0F63AB538}.Debug|Any CPU.Build.0 = Debug|Any CPU
		{DA39AA17-4A38-47DD-A214-D6B0F63AB538}.Release|Any CPU.ActiveCfg = Release|Any CPU
		{DA39AA17-4A38-47DD-A214-D6B0F63AB538}.Release|Any CPU.Build.0 = Release|Any CPU
	EndGlobalSection
	GlobalSection(SolutionProperties) = preSolution
		HideSolutionNode = FALSE
	EndGlobalSection
	GlobalSection(ExtensibilityGlobals) = postSolution
		SolutionGuid = {2C33846D-2A6D-426D-8DE7-3D5AC30BF401}
	EndGlobalSection
EndGlobal
